
Microsoft Visual Studio Solution File, Format Version 12.00
# Visual Studio Version 17
VisualStudioVersion = 17.10.34916.146
MinimumVisualStudioVersion = 10.0.40219.1
Project("{9A19103F-16F7-4668-BE54-9A1E7A4F7556}") = "FinanceApp.API", "FinanceApp\FinanceApp.API.csproj", "{D8B89A3A-C7F0-42E9-91CB-CB6A5F1A3EB3}"
EndProject
Project("{9A19103F-16F7-4668-BE54-9A1E7A4F7556}") = "FinanceApp.Domain", "FinanceApp.Domain\FinanceApp.Domain.csproj", "{0DDC2F20-6019-41E8-9177-E6D2CB97D69F}"
EndProject
Project("{FAE04EC0-301F-11D3-BF4B-00C04F79EFBC}") = "FinanceApp.Infrastructure", "FinanceApp.Infrastructure\FinanceApp.Infrastructure.csproj", "{A8D4C0FC-1520-4BFB-9B9E-DB2E6EC01424}"
EndProject
Project("{FAE04EC0-301F-11D3-BF4B-00C04F79EFBC}") = "FinanceApp.DataAccess", "FinanceApp.DataAccess\FinanceApp.DataAccess.csproj", "{C705AC86-D4A0-4704-9A9C-9FE3D808ED28}"
EndProject
Global
	GlobalSection(SolutionConfigurationPlatforms) = preSolution
		Debug|Any CPU = Debug|Any CPU
		Release|Any CPU = Release|Any CPU
	EndGlobalSection
	GlobalSection(ProjectConfigurationPlatforms) = postSolution
		{D8B89A3A-C7F0-42E9-91CB-CB6A5F1A3EB3}.Debug|Any CPU.ActiveCfg = Debug|Any CPU
		{D8B89A3A-C7F0-42E9-91CB-CB6A5F1A3EB3}.Debug|Any CPU.Build.0 = Debug|Any CPU
		{D8B89A3A-C7F0-42E9-91CB-CB6A5F1A3EB3}.Release|Any CPU.ActiveCfg = Release|Any CPU
		{D8B89A3A-C7F0-42E9-91CB-CB6A5F1A3EB3}.Release|Any CPU.Build.0 = Release|Any CPU
		{0DDC2F20-6019-41E8-9177-E6D2CB97D69F}.Debug|Any CPU.ActiveCfg = Debug|Any CPU
		{0DDC2F20-6019-41E8-9177-E6D2CB97D69F}.Debug|Any CPU.Build.0 = Debug|Any CPU
		{0DDC2F20-6019-41E8-9177-E6D2CB97D69F}.Release|Any CPU.ActiveCfg = Release|Any CPU
		{0DDC2F20-6019-41E8-9177-E6D2CB97D69F}.Release|Any CPU.Build.0 = Release|Any CPU
		{A8D4C0FC-1520-4BFB-9B9E-DB2E6EC01424}.Debug|Any CPU.ActiveCfg = Debug|Any CPU
		{A8D4C0FC-1520-4BFB-9B9E-DB2E6EC01424}.Debug|Any CPU.Build.0 = Debug|Any CPU
		{A8D4C0FC-1520-4BFB-9B9E-DB2E6EC01424}.Release|Any CPU.ActiveCfg = Release|Any CPU
		{A8D4C0FC-1520-4BFB-9B9E-DB2E6EC01424}.Release|Any CPU.Build.0 = Release|Any CPU
		{C705AC86-D4A0-4704-9A9C-9FE3D808ED28}.Debug|Any CPU.ActiveCfg = Debug|Any CPU
		{C705AC86-D4A0-4704-9A9C-9FE3D808ED28}.Debug|Any CPU.Build.0 = Debug|Any CPU
		{C705AC86-D4A0-4704-9A9C-9FE3D808ED28}.Release|Any CPU.ActiveCfg = Release|Any CPU
		{C705AC86-D4A0-4704-9A9C-9FE3D808ED28}.Release|Any CPU.Build.0 = Release|Any CPU
	EndGlobalSection
	GlobalSection(SolutionProperties) = preSolution
		HideSolutionNode = FALSE
	EndGlobalSection
	GlobalSection(ExtensibilityGlobals) = postSolution
		SolutionGuid = {1B262C3E-DA1F-4EC8-9348-2D7A698B1308}
	EndGlobalSection
EndGlobal
